// !$*UTF8*$!
{
	archiveVersion = 1;
	classes = {
	};
	objectVersion = 77;
	objects = {

/* Begin PBXBuildFile section */
		87158C2A2EF2570200AD2EFD /* MainView.swift in Sources */ = {isa = PBXBuildFile; fileRef = 87158C272EF2570200AD2EFD /* MainView.swift */; };
		87158C2B2EF2570200AD2EFD /* Smile_DetectorApp.swift in Sources */ = {isa = PBXBuildFile; fileRef = 87158C282EF2570200AD2EFD /* Smile_DetectorApp.swift */; };
		87158C2C2EF2570200AD2EFD /* Assets.xcassets in Resources */ = {isa = PBXBuildFile; fileRef = 87158C262EF2570200AD2EFD /* Assets.xcassets */; };
/* End PBXBuildFile section */

/* Begin PBXContainerItemProxy section */
		87158C0A2EF256AD00AD2EFD /* PBXContainerItemProxy */ = {
			isa = PBXContainerItemProxy;
			containerPortal = 87158BF42EF256A800AD2EFD /* Project object */;
			proxyType = 1;
			remoteGlobalIDString = 87158BFB2EF256A800AD2EFD;
			remoteInfo = "Smile Detector";
		};
		87158C142EF256AD00AD2EFD /* PBXContainerItemProxy */ = {
			isa = PBXContainerItemProxy;
			containerPortal = 87158BF42EF256A800AD2EFD /* Project object */;
			proxyType = 1;
			remoteGlobalIDString = 87158BFB2EF256A800AD2EFD;
			remoteInfo = "Smile Detector";
		};
/* End PBXContainerItemProxy section */

/* Begin PBXFileReference section */
		87158BFC2EF256A800AD2EFD /* Smile Detector.app */ = {isa = PBXFileReference; explicitFileType = wrapper.application; includeInIndex = 0; path = "Smile Detector.app"; sourceTree = BUILT_PRODUCTS_DIR; };
		87158C092EF256AD00AD2EFD /* Smile DetectorTests.xctest */ = {isa = PBXFileReference; explicitFileType = wrapper.cfbundle; includeInIndex = 0; path = "Smile DetectorTests.xctest"; sourceTree = BUILT_PRODUCTS_DIR; };
		87158C132EF256AD00AD2EFD /* Smile DetectorUITests.xctest */ = {isa = PBXFileReference; explicitFileType = wrapper.cfbundle; includeInIndex = 0; path = "Smile DetectorUITests.xctest"; sourceTree = BUILT_PRODUCTS_DIR; };
		87158C262EF2570200AD2EFD /* Assets.xcassets */ = {isa = PBXFileReference; lastKnownFileType = folder.assetcatalog; path = Assets.xcassets; sourceTree = "<group>"; };
		87158C272EF2570200AD2EFD /* MainView.swift */ = {isa = PBXFileReference; lastKnownFileType = sourcecode.swift; path = MainView.swift; sourceTree = "<group>"; };
		87158C282EF2570200AD2EFD /* Smile_DetectorApp.swift */ = {isa = PBXFileReference; lastKnownFileType = sourcecode.swift; path = Smile_DetectorApp.swift; sourceTree = "<group>"; };
/* End PBXFileReference section */

/* Begin PBXFileSystemSynchronizedRootGroup section */
		87158C0C2EF256AD00AD2EFD /* Smile DetectorTests */ = {
			isa = PBXFileSystemSynchronizedRootGroup;
			path = "Smile DetectorTests";
			sourceTree = "<group>";
		};
		87158C162EF256AD00AD2EFD /* Smile DetectorUITests */ = {
			isa = PBXFileSystemSynchronizedRootGroup;
			path = "Smile DetectorUITests";
			sourceTree = "<group>";
		};
/* End PBXFileSystemSynchronizedRootGroup section */

/* Begin PBXFrameworksBuildPhase section */
		87158BF92EF256A800AD2EFD /* Frameworks */ = {
			isa = PBXFrameworksBuildPhase;
			buildActionMask = 2147483647;
			files = (
			);
			runOnlyForDeploymentPostprocessing = 0;
		};
		87158C062EF256AD00AD2EFD /* Frameworks */ = {
			isa = PBXFrameworksBuildPhase;
			buildActionMask = 2147483647;
			files = (
			);
			runOnlyForDeploymentPostprocessing = 0;
		};
		87158C102EF256AD00AD2EFD /* Frameworks */ = {
			isa = PBXFrameworksBuildPhase;
			buildActionMask = 2147483647;
			files = (
			);
			runOnlyForDeploymentPostprocessing = 0;
		};
/* End PBXFrameworksBuildPhase section */

/* Begin PBXGroup section */
		87158BF32EF256A800AD2EFD = {
			isa = PBXGroup;
			children = (
				87158C292EF2570200AD2EFD /* Smile Detector */,
				87158C0C2EF256AD00AD2EFD /* Smile DetectorTests */,
				87158C162EF256AD00AD2EFD /* Smile DetectorUITests */,
				87158BFD2EF256A800AD2EFD /* Products */,
			);
			sourceTree = "<group>";
		};
		87158BFD2EF256A800AD2EFD /* Products */ = {
			isa = PBXGroup;
			children = (
				87158BFC2EF256A800AD2EFD /* Smile Detector.app */,
				87158C092EF256AD00AD2EFD /* Smile DetectorTests.xctest */,
				87158C132EF256AD00AD2EFD /* Smile DetectorUITests.xctest */,
			);
			name = Products;
			sourceTree = "<group>";
		};
		87158C292EF2570200AD2EFD /* Smile Detector */ = {
			isa = PBXGroup;
			children = (
				87158C2D2EF2570B00AD2EFD /* View */,
				87158C262EF2570200AD2EFD /* Assets.xcassets */,
				87158C272EF2570200AD2EFD /* MainView.swift */,
				87158C282EF2570200AD2EFD /* Smile_DetectorApp.swift */,
			);
			path = "Smile Detector";
			sourceTree = "<group>";
		};
		87158C2D2EF2570B00AD2EFD /* View */ = {
			isa = PBXGroup;
			children = (
			);
			path = View;
			sourceTree = "<group>";
		};
/* End PBXGroup section */

/* Begin PBXNativeTarget section */
		87158BFB2EF256A800AD2EFD /* Smile Detector */ = {
			isa = PBXNativeTarget;
			buildConfigurationList = 87158C1D2EF256AD00AD2EFD /* Build configuration list for PBXNativeTarget "Smile Detector" */;
			buildPhases = (
				87158BF82EF256A800AD2EFD /* Sources */,
				87158BF92EF256A800AD2EFD /* Frameworks */,
				87158BFA2EF256A800AD2EFD /* Resources */,
			);
			buildRules = (
			);
			dependencies = (
			);
			name = "Smile Detector";
			packageProductDependencies = (
			);
			productName = "Smile Detector";
			productReference = 87158BFC2EF256A800AD2EFD /* Smile Detector.app */;
			productType = "com.apple.product-type.application";
		};
		87158C082EF256AD00AD2EFD /* Smile DetectorTests */ = {
			isa = PBXNativeTarget;
			buildConfigurationList = 87158C202EF256AD00AD2EFD /* Build configuration list for PBXNativeTarget "Smile DetectorTests" */;
			buildPhases = (
				87158C052EF256AD00AD2EFD /* Sources */,
				87158C062EF256AD00AD2EFD /* Frameworks */,
				87158C072EF256AD00AD2EFD /* Resources */,
			);
			buildRules = (
			);
			dependencies = (
				87158C0B2EF256AD00AD2EFD /* PBXTargetDependency */,
			);
			fileSystemSynchronizedGroups = (
				87158C0C2EF256AD00AD2EFD /* Smile DetectorTests */,
			);
			name = "Smile DetectorTests";
			packageProductDependencies = (
			);
			productName = "Smile DetectorTests";
			productReference = 87158C092EF256AD00AD2EFD /* Smile DetectorTests.xctest */;
			productType = "com.apple.product-type.bundle.unit-test";
		};
		87158C122EF256AD00AD2EFD /* Smile DetectorUITests */ = {
			isa = PBXNativeTarget;
			buildConfigurationList = 87158C232EF256AD00AD2EFD /* Build configuration list for PBXNativeTarget "Smile DetectorUITests" */;
			buildPhases = (
				87158C0F2EF256AD00AD2EFD /* Sources */,
				87158C102EF256AD00AD2EFD /* Frameworks */,
				87158C112EF256AD00AD2EFD /* Resources */,
			);
			buildRules = (
			);
			dependencies = (
				87158C152EF256AD00AD2EFD /* PBXTargetDependency */,
			);
			fileSystemSynchronizedGroups = (
				87158C162EF256AD00AD2EFD /* Smile DetectorUITests */,
			);
			name = "Smile DetectorUITests";
			packageProductDependencies = (
			);
			productName = "Smile DetectorUITests";
			productReference = 87158C132EF256AD00AD2EFD /* Smile DetectorUITests.xctest */;
			productType = "com.apple.product-type.bundle.ui-testing";
		};
/* End PBXNativeTarget section */

/* Begin PBXProject section */
		87158BF42EF256A800AD2EFD /* Project object */ = {
			isa = PBXProject;
			attributes = {
				BuildIndependentTargetsInParallel = 1;
				LastSwiftUpdateCheck = 2610;
				LastUpgradeCheck = 2610;
				TargetAttributes = {
					87158BFB2EF256A800AD2EFD = {
						CreatedOnToolsVersion = 26.1;
					};
					87158C082EF256AD00AD2EFD = {
						CreatedOnToolsVersion = 26.1;
						TestTargetID = 87158BFB2EF256A800AD2EFD;
					};
					87158C122EF256AD00AD2EFD = {
						CreatedOnToolsVersion = 26.1;
						TestTargetID = 87158BFB2EF256A800AD2EFD;
					};
				};
			};
			buildConfigurationList = 87158BF72EF256A800AD2EFD /* Build configuration list for PBXProject "Smile Detector" */;
			developmentRegion = en;
			hasScannedForEncodings = 0;
			knownRegions = (
				en,
				Base,
			);
			mainGroup = 87158BF32EF256A800AD2EFD;
			minimizedProjectReferenceProxies = 1;
			preferredProjectObjectVersion = 77;
			productRefGroup = 87158BFD2EF256A800AD2EFD /* Products */;
			projectDirPath = "";
			projectRoot = "";
			targets = (
				87158BFB2EF256A800AD2EFD /* Smile Detector */,
				87158C082EF256AD00AD2EFD /* Smile DetectorTests */,
				87158C122EF256AD00AD2EFD /* Smile DetectorUITests */,
			);
		};
/* End PBXProject section */

/* Begin PBXResourcesBuildPhase section */
		87158BFA2EF256A800AD2EFD /* Resources */ = {
			isa = PBXResourcesBuildPhase;
			buildActionMask = 2147483647;
			files = (
				87158C2C2EF2570200AD2EFD /* Assets.xcassets in Resources */,
			);
			runOnlyForDeploymentPostprocessing = 0;
		};
		87158C072EF256AD00AD2EFD /* Resources */ = {
			isa = PBXResourcesBuildPhase;
			buildActionMask = 2147483647;
			files = (
			);
			runOnlyForDeploymentPostprocessing = 0;
		};
		87158C112EF256AD00AD2EFD /* Resources */ = {
			isa = PBXResourcesBuildPhase;
			buildActionMask = 2147483647;
			files = (
			);
			runOnlyForDeploymentPostprocessing = 0;
		};
/* End PBXResourcesBuildPhase section */

/* Begin PBXSourcesBuildPhase section */
		87158BF82EF256A800AD2EFD /* Sources */ = {
			isa = PBXSourcesBuildPhase;
			buildActionMask = 2147483647;
			files = (
				87158C2A2EF2570200AD2EFD /* MainView.swift in Sources */,
				87158C2B2EF2570200AD2EFD /* Smile_DetectorApp.swift in Sources */,
			);
			runOnlyForDeploymentPostprocessing = 0;
		};
		87158C052EF256AD00AD2EFD /* Sources */ = {
			isa = PBXSourcesBuildPhase;
			buildActionMask = 2147483647;
			files = (
			);
			runOnlyForDeploymentPostprocessing = 0;
		};
		87158C0F2EF256AD00AD2EFD /* Sources */ = {
			isa = PBXSourcesBuildPhase;
			buildActionMask = 2147483647;
			files = (
			);
			runOnlyForDeploymentPostprocessing = 0;
		};
/* End PBXSourcesBuildPhase section */

/* Begin PBXTargetDependency section */
		87158C0B2EF256AD00AD2EFD /* PBXTargetDependency */ = {
			isa = PBXTargetDependency;
			target = 87158BFB2EF256A800AD2EFD /* Smile Detector */;
			targetProxy = 87158C0A2EF256AD00AD2EFD /* PBXContainerItemProxy */;
		};
		87158C152EF256AD00AD2EFD /* PBXTargetDependency */ = {
			isa = PBXTargetDependency;
			target = 87158BFB2EF256A800AD2EFD /* Smile Detector */;
			targetProxy = 87158C142EF256AD00AD2EFD /* PBXContainerItemProxy */;
		};
/* End PBXTargetDependency section */

/* Begin XCBuildConfiguration section */
		87158C1B2EF256AD00AD2EFD /* Debug */ = {
			isa = XCBuildConfiguration;
			buildSettings = {
				ALWAYS_SEARCH_USER_PATHS = NO;
				ASSETCATALOG_COMPILER_GENERATE_SWIFT_ASSET_SYMBOL_EXTENSIONS = YES;
				CLANG_ANALYZER_NONNULL = YES;
				CLANG_ANALYZER_NUMBER_OBJECT_CONVERSION = YES_AGGRESSIVE;
				CLANG_CXX_LANGUAGE_STANDARD = "gnu++20";
				CLANG_ENABLE_MODULES = YES;
				CLANG_ENABLE_OBJC_ARC = YES;
				CLANG_ENABLE_OBJC_WEAK = YES;
				CLANG_WARN_BLOCK_CAPTURE_AUTORELEASING = YES;
				CLANG_WARN_BOOL_CONVERSION = YES;
				CLANG_WARN_COMMA = YES;
				CLANG_WARN_CONSTANT_CONVERSION = YES;
				CLANG_WARN_DEPRECATED_OBJC_IMPLEMENTATIONS = YES;
				CLANG_WARN_DIRECT_OBJC_ISA_USAGE = YES_ERROR;
				CLANG_WARN_DOCUMENTATION_COMMENTS = YES;
				CLANG_WARN_EMPTY_BODY = YES;
				CLANG_WARN_ENUM_CONVERSION = YES;
				CLANG_WARN_INFINITE_RECURSION = YES;
				CLANG_WARN_INT_CONVERSION = YES;
				CLANG_WARN_NON_LITERAL_NULL_CONVERSION = YES;
				CLANG_WARN_OBJC_IMPLICIT_RETAIN_SELF = YES;
				CLANG_WARN_OBJC_LITERAL_CONVERSION = YES;
				CLANG_WARN_OBJC_ROOT_CLASS = YES_ERROR;
				CLANG_WARN_QUOTED_INCLUDE_IN_FRAMEWORK_HEADER = YES;
				CLANG_WARN_RANGE_LOOP_ANALYSIS = YES;
				CLANG_WARN_STRICT_PROTOTYPES = YES;
				CLANG_WARN_SUSPICIOUS_MOVE = YES;
				CLANG_WARN_UNGUARDED_AVAILABILITY = YES_AGGRESSIVE;
				CLANG_WARN_UNREACHABLE_CODE = YES;
				CLANG_WARN__DUPLICATE_METHOD_MATCH = YES;
				COPY_PHASE_STRIP = NO;
				DEBUG_INFORMATION_FORMAT = dwarf;
				DEVELOPMENT_TEAM = 24S69666QN;
				ENABLE_STRICT_OBJC_MSGSEND = YES;
				ENABLE_TESTABILITY = YES;
				ENABLE_USER_SCRIPT_SANDBOXING = YES;
				GCC_C_LANGUAGE_STANDARD = gnu17;
				GCC_DYNAMIC_NO_PIC = NO;
				GCC_NO_COMMON_BLOCKS = YES;
				GCC_OPTIMIZATION_LEVEL = 0;
				GCC_PREPROCESSOR_DEFINITIONS = (
					"DEBUG=1",
					"$(inherited)",
				);
				GCC_WARN_64_TO_32_BIT_CONVERSION = YES;
				GCC_WARN_ABOUT_RETURN_TYPE = YES_ERROR;
				GCC_WARN_UNDECLARED_SELECTOR = YES;
				GCC_WARN_UNINITIALIZED_AUTOS = YES_AGGRESSIVE;
				GCC_WARN_UNUSED_FUNCTION = YES;
				GCC_WARN_UNUSED_VARIABLE = YES;
				IPHONEOS_DEPLOYMENT_TARGET = 26.1;
				LOCALIZATION_PREFERS_STRING_CATALOGS = YES;
				MTL_ENABLE_DEBUG_INFO = INCLUDE_SOURCE;
				MTL_FAST_MATH = YES;
				ONLY_ACTIVE_ARCH = YES;
				SDKROOT = iphoneos;
				SWIFT_ACTIVE_COMPILATION_CONDITIONS = "DEBUG $(inherited)";
				SWIFT_OPTIMIZATION_LEVEL = "-Onone";
			};
			name = Debug;
		};
		87158C1C2EF256AD00AD2EFD /* Release */ = {
			isa = XCBuildConfiguration;
			buildSettings = {
				ALWAYS_SEARCH_USER_PATHS = NO;
				ASSETCATALOG_COMPILER_GENERATE_SWIFT_ASSET_SYMBOL_EXTENSIONS = YES;
				CLANG_ANALYZER_NONNULL = YES;
				CLANG_ANALYZER_NUMBER_OBJECT_CONVERSION = YES_AGGRESSIVE;
				CLANG_CXX_LANGUAGE_STANDARD = "gnu++20";
				CLANG_ENABLE_MODULES = YES;
				CLANG_ENABLE_OBJC_ARC = YES;
				CLANG_ENABLE_OBJC_WEAK = YES;
				CLANG_WARN_BLOCK_CAPTURE_AUTORELEASING = YES;
				CLANG_WARN_BOOL_CONVERSION = YES;
				CLANG_WARN_COMMA = YES;
				CLANG_WARN_CONSTANT_CONVERSION = YES;
				CLANG_WARN_DEPRECATED_OBJC_IMPLEMENTATIONS = YES;
				CLANG_WARN_DIRECT_OBJC_ISA_USAGE = YES_ERROR;
				CLANG_WARN_DOCUMENTATION_COMMENTS = YES;
				CLANG_WARN_EMPTY_BODY = YES;
				CLANG_WARN_ENUM_CONVERSION = YES;
				CLANG_WARN_INFINITE_RECURSION = YES;
				CLANG_WARN_INT_CONVERSION = YES;
				CLANG_WARN_NON_LITERAL_NULL_CONVERSION = YES;
				CLANG_WARN_OBJC_IMPLICIT_RETAIN_SELF = YES;
				CLANG_WARN_OBJC_LITERAL_CONVERSION = YES;
				CLANG_WARN_OBJC_ROOT_CLASS = YES_ERROR;
				CLANG_WARN_QUOTED_INCLUDE_IN_FRAMEWORK_HEADER = YES;
				CLANG_WARN_RANGE_LOOP_ANALYSIS = YES;
				CLANG_WARN_STRICT_PROTOTYPES = YES;
				CLANG_WARN_SUSPICIOUS_MOVE = YES;
				CLANG_WARN_UNGUARDED_AVAILABILITY = YES_AGGRESSIVE;
				CLANG_WARN_UNREACHABLE_CODE = YES;
				CLANG_WARN__DUPLICATE_METHOD_MATCH = YES;
				COPY_PHASE_STRIP = NO;
				DEBUG_INFORMATION_FORMAT = "dwarf-with-dsym";
				DEVELOPMENT_TEAM = 24S69666QN;
				ENABLE_NS_ASSERTIONS = NO;
				ENABLE_STRICT_OBJC_MSGSEND = YES;
				ENABLE_USER_SCRIPT_SANDBOXING = YES;
				GCC_C_LANGUAGE_STANDARD = gnu17;
				GCC_NO_COMMON_BLOCKS = YES;
				GCC_WARN_64_TO_32_BIT_CONVERSION = YES;
				GCC_WARN_ABOUT_RETURN_TYPE = YES_ERROR;
				GCC_WARN_UNDECLARED_SELECTOR = YES;
				GCC_WARN_UNINITIALIZED_AUTOS = YES_AGGRESSIVE;
				GCC_WARN_UNUSED_FUNCTION = YES;
				GCC_WARN_UNUSED_VARIABLE = YES;
				IPHONEOS_DEPLOYMENT_TARGET = 26.1;
				LOCALIZATION_PREFERS_STRING_CATALOGS = YES;
				MTL_ENABLE_DEBUG_INFO = NO;
				MTL_FAST_MATH = YES;
				SDKROOT = iphoneos;
				SWIFT_COMPILATION_MODE = wholemodule;
				VALIDATE_PRODUCT = YES;
			};
			name = Release;
		};
		87158C1E2EF256AD00AD2EFD /* Debug */ = {
			isa = XCBuildConfiguration;
			buildSettings = {
				ASSETCATALOG_COMPILER_APPICON_NAME = AppIcon;
				ASSETCATALOG_COMPILER_GLOBAL_ACCENT_COLOR_NAME = AccentColor;
				CODE_SIGN_STYLE = Automatic;
				CURRENT_PROJECT_VERSION = 1;
				DEVELOPMENT_TEAM = 24S69666QN;
				ENABLE_PREVIEWS = YES;
				GENERATE_INFOPLIST_FILE = YES;
				INFOPLIST_KEY_UIApplicationSceneManifest_Generation = YES;
				INFOPLIST_KEY_UIApplicationSupportsIndirectInputEvents = YES;
				INFOPLIST_KEY_UILaunchScreen_Generation = YES;
				INFOPLIST_KEY_UISupportedInterfaceOrientations_iPad = "UIInterfaceOrientationPortrait UIInterfaceOrientationPortraitUpsideDown UIInterfaceOrientationLandscapeLeft UIInterfaceOrientationLandscapeRight";
				INFOPLIST_KEY_UISupportedInterfaceOrientations_iPhone = "UIInterfaceOrientationPortrait UIInterfaceOrientationLandscapeLeft UIInterfaceOrientationLandscapeRight";
				IPHONEOS_DEPLOYMENT_TARGET = 17.6;
				LD_RUNPATH_SEARCH_PATHS = (
					"$(inherited)",
					"@executable_path/Frameworks",
				);
				MARKETING_VERSION = 1.0;
				PRODUCT_BUNDLE_IDENTIFIER = "br.com.dovale.Smile-Detector";
				PRODUCT_NAME = "$(TARGET_NAME)";
				STRING_CATALOG_GENERATE_SYMBOLS = YES;
				SWIFT_APPROACHABLE_CONCURRENCY = YES;
				SWIFT_DEFAULT_ACTOR_ISOLATION = MainActor;
				SWIFT_EMIT_LOC_STRINGS = YES;
				SWIFT_UPCOMING_FEATURE_MEMBER_IMPORT_VISIBILITY = YES;
				SWIFT_VERSION = 5.0;
				TARGETED_DEVICE_FAMILY = "1,2";
			};
			name = Debug;
		};
		87158C1F2EF256AD00AD2EFD /* Release */ = {
			isa = XCBuildConfiguration;
			buildSettings = {
				ASSETCATALOG_COMPILER_APPICON_NAME = AppIcon;
				ASSETCATALOG_COMPILER_GLOBAL_ACCENT_COLOR_NAME = AccentColor;
				CODE_SIGN_STYLE = Automatic;
				CURRENT_PROJECT_VERSION = 1;
				DEVELOPMENT_TEAM = 24S69666QN;
				ENABLE_PREVIEWS = YES;
				GENERATE_INFOPLIST_FILE = YES;
				INFOPLIST_KEY_UIApplicationSceneManifest_Generation = YES;
				INFOPLIST_KEY_UIApplicationSupportsIndirectInputEvents = YES;
				INFOPLIST_KEY_UILaunchScreen_Generation = YES;
				INFOPLIST_KEY_UISupportedInterfaceOrientations_iPad = "UIInterfaceOrientationPortrait UIInterfaceOrientationPortraitUpsideDown UIInterfaceOrientationLandscapeLeft UIInterfaceOrientationLandscapeRight";
				INFOPLIST_KEY_UISupportedInterfaceOrientations_iPhone = "UIInterfaceOrientationPortrait UIInterfaceOrientationLandscapeLeft UIInterfaceOrientationLandscapeRight";
				IPHONEOS_DEPLOYMENT_TARGET = 17.6;
				LD_RUNPATH_SEARCH_PATHS = (
					"$(inherited)",
					"@executable_path/Frameworks",
				);
				MARKETING_VERSION = 1.0;
				PRODUCT_BUNDLE_IDENTIFIER = "br.com.dovale.Smile-Detector";
				PRODUCT_NAME = "$(TARGET_NAME)";
				STRING_CATALOG_GENERATE_SYMBOLS = YES;
				SWIFT_APPROACHABLE_CONCURRENCY = YES;
				SWIFT_DEFAULT_ACTOR_ISOLATION = MainActor;
				SWIFT_EMIT_LOC_STRINGS = YES;
				SWIFT_UPCOMING_FEATURE_MEMBER_IMPORT_VISIBILITY = YES;
				SWIFT_VERSION = 5.0;
				TARGETED_DEVICE_FAMILY = "1,2";
			};
			name = Release;
		};
		87158C212EF256AD00AD2EFD /* Debug */ = {
			isa = XCBuildConfiguration;
			buildSettings = {
				BUNDLE_LOADER = "$(TEST_HOST)";
				CODE_SIGN_STYLE = Automatic;
				CURRENT_PROJECT_VERSION = 1;
				DEVELOPMENT_TEAM = 24S69666QN;
				GENERATE_INFOPLIST_FILE = YES;
				IPHONEOS_DEPLOYMENT_TARGET = 26.1;
				MARKETING_VERSION = 1.0;
				PRODUCT_BUNDLE_IDENTIFIER = "br.com.dovale.Smile-DetectorTests";
				PRODUCT_NAME = "$(TARGET_NAME)";
				STRING_CATALOG_GENERATE_SYMBOLS = NO;
				SWIFT_APPROACHABLE_CONCURRENCY = YES;
				SWIFT_EMIT_LOC_STRINGS = NO;
				SWIFT_UPCOMING_FEATURE_MEMBER_IMPORT_VISIBILITY = YES;
				SWIFT_VERSION = 5.0;
				TARGETED_DEVICE_FAMILY = "1,2";
				TEST_HOST = "$(BUILT_PRODUCTS_DIR)/Smile Detector.app/$(BUNDLE_EXECUTABLE_FOLDER_PATH)/Smile Detector";
			};
			name = Debug;
		};
		87158C222EF256AD00AD2EFD /* Release */ = {
			isa = XCBuildConfiguration;
			buildSettings = {
				BUNDLE_LOADER = "$(TEST_HOST)";
				CODE_SIGN_STYLE = Automatic;
				CURRENT_PROJECT_VERSION = 1;
				DEVELOPMENT_TEAM = 24S69666QN;
				GENERATE_INFOPLIST_FILE = YES;
				IPHONEOS_DEPLOYMENT_TARGET = 26.1;
				MARKETING_VERSION = 1.0;
				PRODUCT_BUNDLE_IDENTIFIER = "br.com.dovale.Smile-DetectorTests";
				PRODUCT_NAME = "$(TARGET_NAME)";
				STRING_CATALOG_GENERATE_SYMBOLS = NO;
				SWIFT_APPROACHABLE_CONCURRENCY = YES;
				SWIFT_EMIT_LOC_STRINGS = NO;
				SWIFT_UPCOMING_FEATURE_MEMBER_IMPORT_VISIBILITY = YES;
				SWIFT_VERSION = 5.0;
				TARGETED_DEVICE_FAMILY = "1,2";
				TEST_HOST = "$(BUILT_PRODUCTS_DIR)/Smile Detector.app/$(BUNDLE_EXECUTABLE_FOLDER_PATH)/Smile Detector";
			};
			name = Release;
		};
		87158C242EF256AD00AD2EFD /* Debug */ = {
			isa = XCBuildConfiguration;
			buildSettings = {
				CODE_SIGN_STYLE = Automatic;
				CURRENT_PROJECT_VERSION = 1;
				DEVELOPMENT_TEAM = 24S69666QN;
				GENERATE_INFOPLIST_FILE = YES;
				MARKETING_VERSION = 1.0;
				PRODUCT_BUNDLE_IDENTIFIER = "br.com.dovale.Smile-DetectorUITests";
				PRODUCT_NAME = "$(TARGET_NAME)";
				STRING_CATALOG_GENERATE_SYMBOLS = NO;
				SWIFT_APPROACHABLE_CONCURRENCY = YES;
				SWIFT_EMIT_LOC_STRINGS = NO;
				SWIFT_UPCOMING_FEATURE_MEMBER_IMPORT_VISIBILITY = YES;
				SWIFT_VERSION = 5.0;
				TARGETED_DEVICE_FAMILY = "1,2";
				TEST_TARGET_NAME = "Smile Detector";
			};
			name = Debug;
		};
		87158C252EF256AD00AD2EFD /* Release */ = {
			isa = XCBuildConfiguration;
			buildSettings = {
				CODE_SIGN_STYLE = Automatic;
				CURRENT_PROJECT_VERSION = 1;
				DEVELOPMENT_TEAM = 24S69666QN;
				GENERATE_INFOPLIST_FILE = YES;
				MARKETING_VERSION = 1.0;
				PRODUCT_BUNDLE_IDENTIFIER = "br.com.dovale.Smile-DetectorUITests";
				PRODUCT_NAME = "$(TARGET_NAME)";
				STRING_CATALOG_GENERATE_SYMBOLS = NO;
				SWIFT_APPROACHABLE_CONCURRENCY = YES;
				SWIFT_EMIT_LOC_STRINGS = NO;
				SWIFT_UPCOMING_FEATURE_MEMBER_IMPORT_VISIBILITY = YES;
				SWIFT_VERSION = 5.0;
				TARGETED_DEVICE_FAMILY = "1,2";
				TEST_TARGET_NAME = "Smile Detector";
			};
			name = Release;
		};
/* End XCBuildConfiguration section */

/* Begin XCConfigurationList section */
		87158BF72EF256A800AD2EFD /* Build configuration list for PBXProject "Smile Detector" */ = {
			isa = XCConfigurationList;
			buildConfigurations = (
				87158C1B2EF256AD00AD2EFD /* Debug */,
				87158C1C2EF256AD00AD2EFD /* Release */,
			);
			defaultConfigurationIsVisible = 0;
			defaultConfigurationName = Release;
		};
		87158C1D2EF256AD00AD2EFD /* Build configuration list for PBXNativeTarget "Smile Detector" */ = {
			isa = XCConfigurationList;
			buildConfigurations = (
				87158C1E2EF256AD00AD2EFD /* Debug */,
				87158C1F2EF256AD00AD2EFD /* Release */,
			);
			defaultConfigurationIsVisible = 0;
			defaultConfigurationName = Release;
		};
		87158C202EF256AD00AD2EFD /* Build configuration list for PBXNativeTarget "Smile DetectorTests" */ = {
			isa = XCConfigurationList;
			buildConfigurations = (
				87158C212EF256AD00AD2EFD /* Debug */,
				87158C222EF256AD00AD2EFD /* Release */,
			);
			defaultConfigurationIsVisible = 0;
			defaultConfigurationName = Release;
		};
		87158C232EF256AD00AD2EFD /* Build configuration list for PBXNativeTarget "Smile DetectorUITests" */ = {
			isa = XCConfigurationList;
			buildConfigurations = (
				87158C242EF256AD00AD2EFD /* Debug */,
				87158C252EF256AD00AD2EFD /* Release */,
			);
			defaultConfigurationIsVisible = 0;
			defaultConfigurationName = Release;
		};
/* End XCConfigurationList section */
	};
	rootObject = 87158BF42EF256A800AD2EFD /* Project object */;
}
